# This file is autogenerated, do not edit; changes may be undone by the next 'dep ensure'.


[[projects]]
  branch = "master"
  name = "github.com/RoflCopter24/librespot-golang"
  packages = [
    "Spotify",
    "librespot",
    "librespot/connection",
    "librespot/core",
    "librespot/crypto",
    "librespot/discovery",
    "librespot/mercury",
    "librespot/metadata",
    "librespot/player",
    "librespot/utils"
  ]
  revision = "2f05d4197e24ba4e841924effdb1d998e49b54eb"

[[projects]]
  branch = "master"
  name = "github.com/badfortrains/mdns"
  packages = ["."]
  revision = "447166384f5140b2b79dc71c153f408b85ba1fae"

[[projects]]
  name = "github.com/golang/protobuf"
  packages = ["proto"]
  revision = "925541529c1fa6821df4e44ce2723319eb2be768"
  version = "v1.0.0"

[[projects]]
  name = "github.com/miekg/dns"
  packages = ["."]
  revision = "5364553f1ee9cddc7ac8b62dce148309c386695b"
  version = "v1.0.4"

[[projects]]
  branch = "master"
  name = "github.com/xlab/portaudio-go"
  packages = ["portaudio"]
  revision = "132d041879db3b263391fa7c4109f218a9441a34"

[[projects]]
  branch = "master"
  name = "github.com/xlab/vorbis-go"
  packages = [
    "decoder",
    "vorbis"
  ]
  revision = "1de75b5f6997f34bd917ccfe5dff0eec39443b92"

[[projects]]
  branch = "master"
  name = "golang.org/x/crypto"
  packages = [
    "ed25519",
    "ed25519/internal/edwards25519",
    "pbkdf2"
  ]
  revision = "c4a91bd4f524f10d064139674cf55852e055ad01"

[[projects]]
  branch = "master"
  name = "golang.org/x/net"
  packages = [
    "bpf",
    "internal/iana",
    "internal/socket",
    "ipv4",
    "ipv6"
  ]
  revision = "803fdb99c0f72e493c28ef2099d250a9c989d8ff"

[solve-meta]
  analyzer-name = "dep"
  analyzer-version = 1
  inputs-digest = "6dd0670ba08b06d2ad8b4091649fd900d3a839d76f19cce71b4bf8e91ba97dc8"
  solver-name = "gps-cdcl"
  solver-version = 1
